
Microsoft Visual Studio Solution File, Format Version 12.00
# Visual Studio Version 17
VisualStudioVersion = 17.3.32929.385
MinimumVisualStudioVersion = 10.0.40219.1
Project("{8BC9CEB8-8B4A-11D0-8D11-00A0C91BC942}") = "runoobPractice", "runoobPractice.vcxproj", "{56B6511F-F5A0-441F-9918-EF4EFECF73EE}"
EndProject
Global
	GlobalSection(SolutionConfigurationPlatforms) = preSolution
		Debug|x64 = Debug|x64
		Debug|x86 = Debug|x86
		Release|x64 = Release|x64
		Release|x86 = Release|x86
	EndGlobalSection
	GlobalSection(ProjectConfigurationPlatforms) = postSolution
		{56B6511F-F5A0-441F-9918-EF4EFECF73EE}.Debug|x64.ActiveCfg = Debug|x64
		{56B6511F-F5A0-441F-9918-EF4EFECF73EE}.Debug|x64.Build.0 = Debug|x64
		{56B6511F-F5A0-441F-9918-EF4EFECF73EE}.Debug|x86.ActiveCfg = Debug|Win32
		{56B6511F-F5A0-441F-9918-EF4EFECF73EE}.Debug|x86.Build.0 = Debug|Win32
		{56B6511F-F5A0-441F-9918-EF4EFECF73EE}.Release|x64.ActiveCfg = Release|x64
		{56B6511F-F5A0-441F-9918-EF4EFECF73EE}.Release|x64.Build.0 = Release|x64
		{56B6511F-F5A0-441F-9918-EF4EFECF73EE}.Release|x86.ActiveCfg = Release|Win32
		{56B6511F-F5A0-441F-9918-EF4EFECF73EE}.Release|x86.Build.0 = Release|Win32
	EndGlobalSection
	GlobalSection(SolutionProperties) = preSolution
		HideSolutionNode = FALSE
	EndGlobalSection
	GlobalSection(ExtensibilityGlobals) = postSolution
		SolutionGuid = {8459185A-A7CC-44F1-8BE9-4C46F03959F2}
	EndGlobalSection
EndGlobal
